
Microsoft Visual Studio Solution File, Format Version 12.00
# Visual Studio Version 17
VisualStudioVersion = 17.4.33110.190
MinimumVisualStudioVersion = 10.0.40219.1
Project("{9A19103F-16F7-4668-BE54-9A1E7A4F7556}") = "DemoWebshop", "DemoWebshop\DemoWebshop.csproj", "{0B407936-4D59-464F-BDA8-0D7CB46F0E2F}"
EndProject
Global
	GlobalSection(SolutionConfigurationPlatforms) = preSolution
		Debug|Any CPU = Debug|Any CPU
		Release|Any CPU = Release|Any CPU
	EndGlobalSection
	GlobalSection(ProjectConfigurationPlatforms) = postSolution
		{0B407936-4D59-464F-BDA8-0D7CB46F0E2F}.Debug|Any CPU.ActiveCfg = Debug|Any CPU
		{0B407936-4D59-464F-BDA8-0D7CB46F0E2F}.Debug|Any CPU.Build.0 = Debug|Any CPU
		{0B407936-4D59-464F-BDA8-0D7CB46F0E2F}.Release|Any CPU.ActiveCfg = Release|Any CPU
		{0B407936-4D59-464F-BDA8-0D7CB46F0E2F}.Release|Any CPU.Build.0 = Release|Any CPU
	EndGlobalSection
	GlobalSection(SolutionProperties) = preSolution
		HideSolutionNode = FALSE
	EndGlobalSection
	GlobalSection(ExtensibilityGlobals) = postSolution
		SolutionGuid = {F17DABE1-1658-46AB-84E9-5D94CACDC3B8}
	EndGlobalSection
EndGlobal
